{
  "name": "@jsnb2333/hello-hh",
  "version": "0.0.12",
  "lockfileVersion": 2,
  "requires": true,
  "packages": {
    "": {
      "name": "@jsnb2333/hello-hh",
      "version": "0.0.12",
      "license": "MIT",
      "dependencies": {
        "@codertocat/hello-world-npm": "^1.0.2"
      }
    },
    "node_modules/@codertocat/hello-world-npm": {
      "version": "1.0.2",
      "resolved": "https://npm.pkg.github.com/download/@Codertocat/hello-world-npm/1.0.2/9384a68bd287b859f028683bcaacedd27803f1dd",
      "integrity": "sha512-4JdvUA6jWh0rWr69Yhi9BYY9q/NPgtwLhi9pm2pcBoCLLBF8mU+gNMr78bKPrduAztit9c2mTZy03gUnbdGo9w==",
      "license": "ISC"
    }
  },
  "dependencies": {
    "@codertocat/hello-world-npm": {
      "version": "1.0.2",
      "resolved": "https://npm.pkg.github.com/download/@Codertocat/hello-world-npm/1.0.2/9384a68bd287b859f028683bcaacedd27803f1dd",
      "integrity": "sha512-4JdvUA6jWh0rWr69Yhi9BYY9q/NPgtwLhi9pm2pcBoCLLBF8mU+gNMr78bKPrduAztit9c2mTZy03gUnbdGo9w=="
    }
  }
}
